
Microsoft Visual Studio Solution File, Format Version 12.00
# Visual Studio Version 17
VisualStudioVersion = 17.4.33213.308
MinimumVisualStudioVersion = 10.0.40219.1
Project("{9A19103F-16F7-4668-BE54-9A1E7A4F7556}") = "Lab02", "Lab02.csproj", "{338D1EC3-025E-4F08-9115-C3D662B447D3}"
EndProject
Global
	GlobalSection(SolutionConfigurationPlatforms) = preSolution
		Debug|Any CPU = Debug|Any CPU
		Release|Any CPU = Release|Any CPU
	EndGlobalSection
	GlobalSection(ProjectConfigurationPlatforms) = postSolution
		{338D1EC3-025E-4F08-9115-C3D662B447D3}.Debug|Any CPU.ActiveCfg = Debug|Any CPU
		{338D1EC3-025E-4F08-9115-C3D662B447D3}.Debug|Any CPU.Build.0 = Debug|Any CPU
		{338D1EC3-025E-4F08-9115-C3D662B447D3}.Release|Any CPU.ActiveCfg = Release|Any CPU
		{338D1EC3-025E-4F08-9115-C3D662B447D3}.Release|Any CPU.Build.0 = Release|Any CPU
	EndGlobalSection
	GlobalSection(SolutionProperties) = preSolution
		HideSolutionNode = FALSE
	EndGlobalSection
	GlobalSection(ExtensibilityGlobals) = postSolution
		SolutionGuid = {EC8BBEEF-D7F6-43A6-9052-31302D79CACB}
	EndGlobalSection
EndGlobal
